
Microsoft Visual Studio Solution File, Format Version 12.00
# Visual Studio Version 17
VisualStudioVersion = 17.7.34009.444
MinimumVisualStudioVersion = 10.0.40219.1
Project("{9A19103F-16F7-4668-BE54-9A1E7A4F7556}") = "Book_List", "Book List\Book_List.csproj", "{EAE2C297-94A8-4AE3-9922-20587DC705BD}"
EndProject
Global
	GlobalSection(SolutionConfigurationPlatforms) = preSolution
		Debug|Any CPU = Debug|Any CPU
		Release|Any CPU = Release|Any CPU
	EndGlobalSection
	GlobalSection(ProjectConfigurationPlatforms) = postSolution
		{EAE2C297-94A8-4AE3-9922-20587DC705BD}.Debug|Any CPU.ActiveCfg = Debug|Any CPU
		{EAE2C297-94A8-4AE3-9922-20587DC705BD}.Debug|Any CPU.Build.0 = Debug|Any CPU
		{EAE2C297-94A8-4AE3-9922-20587DC705BD}.Release|Any CPU.ActiveCfg = Release|Any CPU
		{EAE2C297-94A8-4AE3-9922-20587DC705BD}.Release|Any CPU.Build.0 = Release|Any CPU
	EndGlobalSection
	GlobalSection(SolutionProperties) = preSolution
		HideSolutionNode = FALSE
	EndGlobalSection
	GlobalSection(ExtensibilityGlobals) = postSolution
		SolutionGuid = {365EE8C9-9BCC-4BCC-937E-82F03D0CCF82}
	EndGlobalSection
EndGlobal
